github.com/davecgh/go-spew v1.1.0 h1:ZDRjVQ15GmhC3fiQ8ni8+OwkZQO4DARzQgrnXU1Liz8=
github.com/davecgh/go-spew v1.1.0/go.mod h1:J7Y8YcW2NihsgmVo/mv3lAwl/skON4iLHjSsI+c5H38=
github.com/lestrrat-go/multifs v0.0.0-20220920084758-a01744380c91 h1:4wjf6b3RPMMW1wz5IpOtFt+dGUXK8mlMnimYQiktu5w=
github.com/lestrrat-go/multifs v0.0.0-20220920084758-a01744380c91/go.mod h1:eqErXwbclyoN2U5zMkj+Rg0jATv0LFruHZpEE3TPOJU=
github.com/lestrrat-go/option v1.0.0 h1:WqAWL8kh8VcSoD6xjSH34/1m8yxluXQbDeKNfvFeEO4=
github.com/lestrrat-go/option v1.0.0/go.mod h1:5ZHFbivi4xwXxhxY9XHDe2FHo6/Z7WWmtT7T5nBBp3I=
github.com/lestrrat-go/sketch v0.0.0-20220922110410-bc28d476446d h1:GHTqY8MGe3vD2KyePR7K+1bI1QQDm+F0kNS24ouT9Iw=
github.com/lestrrat-go/sketch v0.0.0-20220922110410-bc28d476446d/go.mod h1:n4n6j/rEzJ6LmzV7SSjUjfSQdjut3CQ/DlZf4cGMyVE=
github.com/lestrrat-go/sketch v0.0.0-20220925230343-c19ab976d381 h1:LQEMiaDvsZJ9RCAGw0gy3NfJ+OapyXq+s101q3Vyn/0=
github.com/lestrrat-go/sketch v0.0.0-20220925230343-c19ab976d381/go.mod h1:n4n6j/rEzJ6LmzV7SSjUjfSQdjut3CQ/DlZf4cGMyVE=
github.com/lestrrat-go/sketch v0.0.0-20220925230735-9421fe8185a0 h1:yMwe+uXxs+dHV8uUYSR/5GUeTMeNIQjr32tizuYRzMw=
github.com/lestrrat-go/sketch v0.0.0-20220925230735-9421fe8185a0/go.mod h1:n4n6j/rEzJ6LmzV7SSjUjfSQdjut3CQ/DlZf4cGMyVE=
github.com/lestrrat-go/sketch v0.0.0-20220925233831-aa59db074bb9 h1:FvpSAezqR5DgZKN7UEShh5D0ZHL5bhvUcnc1pd6XUhU=
github.com/lestrrat-go/sketch v0.0.0-20220925233831-aa59db074bb9/go.mod h1:n4n6j/rEzJ6LmzV7SSjUjfSQdjut3CQ/DlZf4cGMyVE=
github.com/lestrrat-go/sketch v0.0.0-20220926001648-2d7f706fab2b h1:VYFowX+NoUrUkfcs3nBCxImkdM4NLhb3LAQa+pGxpoU=
github.com/lestrrat-go/sketch v0.0.0-20220926001648-2d7f706fab2b/go.mod h1:n4n6j/rEzJ6LmzV7SSjUjfSQdjut3CQ/DlZf4cGMyVE=
github.com/lestrrat-go/xstrings v0.0.0-20210804220435-4dd8b234342b h1:3laG8JWIeDGb7lf00nMRznLdCHy0aZPd/CGz7Okn1SY=
github.com/lestrrat-go/xstrings v0.0.0-20210804220435-4dd8b234342b/go.mod h1:mPFmD3Wuy0ddyPFvllLq4sUpGfE40T3VE8kWWS8fxGA=
github.com/pmezard/go-difflib v1.0.0 h1:4DBwDE0NGyQoBHbLQYPwSUPoCMWR5BEzIk/f1lZbAQM=
github.com/pmezard/go-difflib v1.0.0/go.mod h1:iKH77koFhYxTK1pcRnkKkqfTogsbg7gZNVY4sRDYZ/4=
github.com/stretchr/objx v0.1.0/go.mod h1:HFkY916IF+rwdDfMAkV7OtwuqBVzrE8GR6GFx+wExME=
github.com/stretchr/testify v1.6.1/go.mod h1:6Fq8oRcR53rry900zMqJjRRixrwX3KX962/h/Wwjteg=
github.com/stretchr/testify v1.7.0 h1:nwc3DEeHmmLAfoZucVR881uASk0Mfjw8xYJ99tb5CcY=
github.com/stretchr/testify v1.7.0/go.mod h1:6Fq8oRcR53rry900zMqJjRRixrwX3KX962/h/Wwjteg=
gopkg.in/check.v1 v0.0.0-20161208181325-20d25e280405/go.mod h1:Co6ibVJAznAaIkqp8huTwlJQCZ016jof/cbN4VW5Yz0=
gopkg.in/yaml.v3 v3.0.0-20200313102051-9f266ea9e77c h1:dUUwHk2QECo/6vqA44rthZ8ie2QXMNeKRTHCNY2nXvo=
gopkg.in/yaml.v3 v3.0.0-20200313102051-9f266ea9e77c/go.mod h1:K4uyk7z7BCEPqu6E+C64Yfv1cQ7kz7rIZviUmN+EgEM=
